{
  "name": "intro",
  "version": "1.0.0",
  "lockfileVersion": 3,
  "requires": true,
  "packages": {
    "": {
      "name": "intro",
      "version": "1.0.0",
      "license": "ISC",
      "dependencies": {
        "cows": "^3.0.1",
        "one-liner-joke": "^1.2.2"
      }
    },
    "node_modules/cows": {
      "version": "3.0.1",
      "resolved": "https://registry.npmjs.org/cows/-/cows-3.0.1.tgz",
      "integrity": "sha512-w0Ar2UVwcaqYGa4jKMrGYMqMmKIokOWkG2WtirgHlWu8UGwyChimNt4YO5xRfKsebWMENJQGb1PiG73BB5nwAQ==",
      "license": "MIT",
      "engines": {
        "node": ">=18"
      },
      "funding": {
        "url": "https://github.com/sponsors/sindresorhus"
      }
    },
    "node_modules/one-liner-joke": {
      "version": "1.2.2",
      "resolved": "https://registry.npmjs.org/one-liner-joke/-/one-liner-joke-1.2.2.tgz",
      "integrity": "sha512-ELNnmMtLPmp3b85J0FGm7i4Q5vfqPNefj6r5oMsk9OgrC3iaccIyn8FInVSsG3nGud4XIDqUKesLcGRCxoU2Zw==",
      "license": "MIT",
      "engines": {
        "node": ">=6.0.0"
      }
    }
  }
}
